
Microsoft Visual Studio Solution File, Format Version 12.00
# Visual Studio Version 16
VisualStudioVersion = 16.0.29920.165
MinimumVisualStudioVersion = 10.0.40219.1
Project("{8BC9CEB8-8B4A-11D0-8D11-00A0C91BC942}") = "TsvikR_OS_1", "TsvikR_OS_1\TsvikR_OS_1.vcxproj", "{FFFA79EF-3482-45F7-AAE2-7DE5A150F1A5}"
EndProject
Global
	GlobalSection(SolutionConfigurationPlatforms) = preSolution
		Debug|x64 = Debug|x64
		Debug|x86 = Debug|x86
		Release|x64 = Release|x64
		Release|x86 = Release|x86
	EndGlobalSection
	GlobalSection(ProjectConfigurationPlatforms) = postSolution
		{FFFA79EF-3482-45F7-AAE2-7DE5A150F1A5}.Debug|x64.ActiveCfg = Debug|x64
		{FFFA79EF-3482-45F7-AAE2-7DE5A150F1A5}.Debug|x64.Build.0 = Debug|x64
		{FFFA79EF-3482-45F7-AAE2-7DE5A150F1A5}.Debug|x86.ActiveCfg = Debug|Win32
		{FFFA79EF-3482-45F7-AAE2-7DE5A150F1A5}.Debug|x86.Build.0 = Debug|Win32
		{FFFA79EF-3482-45F7-AAE2-7DE5A150F1A5}.Release|x64.ActiveCfg = Release|x64
		{FFFA79EF-3482-45F7-AAE2-7DE5A150F1A5}.Release|x64.Build.0 = Release|x64
		{FFFA79EF-3482-45F7-AAE2-7DE5A150F1A5}.Release|x86.ActiveCfg = Release|Win32
		{FFFA79EF-3482-45F7-AAE2-7DE5A150F1A5}.Release|x86.Build.0 = Release|Win32
	EndGlobalSection
	GlobalSection(SolutionProperties) = preSolution
		HideSolutionNode = FALSE
	EndGlobalSection
	GlobalSection(ExtensibilityGlobals) = postSolution
		SolutionGuid = {4E4FE97A-A635-46AD-ABCD-FA092BAF9366}
	EndGlobalSection
EndGlobal
